
Microsoft Visual Studio Solution File, Format Version 12.00
# Visual Studio Version 17
VisualStudioVersion = 17.1.32210.238
MinimumVisualStudioVersion = 10.0.40219.1
Project("{FAE04EC0-301F-11D3-BF4B-00C04F79EFBC}") = "Inventaire", "Inventaire.csproj", "{56EE172A-0701-42C1-BCE7-0CF0E9B26497}"
EndProject
Global
	GlobalSection(SolutionConfigurationPlatforms) = preSolution
		Debug|Any CPU = Debug|Any CPU
		Release|Any CPU = Release|Any CPU
	EndGlobalSection
	GlobalSection(ProjectConfigurationPlatforms) = postSolution
		{56EE172A-0701-42C1-BCE7-0CF0E9B26497}.Debug|Any CPU.ActiveCfg = Debug|Any CPU
		{56EE172A-0701-42C1-BCE7-0CF0E9B26497}.Debug|Any CPU.Build.0 = Debug|Any CPU
		{56EE172A-0701-42C1-BCE7-0CF0E9B26497}.Release|Any CPU.ActiveCfg = Release|Any CPU
		{56EE172A-0701-42C1-BCE7-0CF0E9B26497}.Release|Any CPU.Build.0 = Release|Any CPU
	EndGlobalSection
	GlobalSection(SolutionProperties) = preSolution
		HideSolutionNode = FALSE
	EndGlobalSection
	GlobalSection(ExtensibilityGlobals) = postSolution
		SolutionGuid = {88298807-E896-4C85-AACA-07F994495849}
	EndGlobalSection
EndGlobal
